Microsoft Visual Studio Solution File, Format Version 12.00
# Visual Studio 2012
Project("{FAE04EC0-301F-11D3-BF4B-00C04F79EFBC}") = "Desktop Niko", "Desktop Niko.csproj", "{F456DC26-C810-4A6B-82F3-C95BFCFF773F}"
EndProject
Global
	GlobalSection(SolutionConfigurationPlatforms) = preSolution
	Debug|Any CPU = Debug|Any CPU
	ExportDebug|Any CPU = ExportDebug|Any CPU
	ExportRelease|Any CPU = ExportRelease|Any CPU
	EndGlobalSection
	GlobalSection(ProjectConfigurationPlatforms) = postSolution
		{F456DC26-C810-4A6B-82F3-C95BFCFF773F}.Debug|Any CPU.ActiveCfg = Debug|Any CPU
		{F456DC26-C810-4A6B-82F3-C95BFCFF773F}.Debug|Any CPU.Build.0 = Debug|Any CPU
		{F456DC26-C810-4A6B-82F3-C95BFCFF773F}.ExportDebug|Any CPU.ActiveCfg = ExportDebug|Any CPU
		{F456DC26-C810-4A6B-82F3-C95BFCFF773F}.ExportDebug|Any CPU.Build.0 = ExportDebug|Any CPU
		{F456DC26-C810-4A6B-82F3-C95BFCFF773F}.ExportRelease|Any CPU.ActiveCfg = ExportRelease|Any CPU
		{F456DC26-C810-4A6B-82F3-C95BFCFF773F}.ExportRelease|Any CPU.Build.0 = ExportRelease|Any CPU
	EndGlobalSection
EndGlobal
